
Microsoft Visual Studio Solution File, Format Version 11.00
# Visual Studio 2010
Project("{8BC9CEB8-8B4A-11D0-8D11-00A0C91BC942}") = "PAGEANT", "PAGEANT\PAGEANT.vcxproj", "{380DBDB8-6BC6-9228-A966-FCC6611327A6}"
EndProject
Project("{8BC9CEB8-8B4A-11D0-8D11-00A0C91BC942}") = "PLINK", "PLINK\PLINK.vcxproj", "{49A32F8F-2E46-CA8E-71EE-64C04776410D}"
EndProject
Project("{8BC9CEB8-8B4A-11D0-8D11-00A0C91BC942}") = "PSCP", "PSCP\PSCP.vcxproj", "{CF6B165C-69E2-86EE-6CD9-1C4C212A9426}"
EndProject
Project("{8BC9CEB8-8B4A-11D0-8D11-00A0C91BC942}") = "PSFTP", "PSFTP\PSFTP.vcxproj", "{13AD505B-C203-CB16-159A-6DF8B2B59EAF}"
EndProject
Project("{8BC9CEB8-8B4A-11D0-8D11-00A0C91BC942}") = "PUTTY", "PUTTY\PUTTY.vcxproj", "{A7E7F50C-9842-651D-FA95-D16A3D2A0CDF}"
EndProject
Project("{8BC9CEB8-8B4A-11D0-8D11-00A0C91BC942}") = "PUTTYGEN", "PUTTYGEN\PUTTYGEN.vcxproj", "{D71C1025-E45F-B042-C337-5716201A861D}"
EndProject
Project("{8BC9CEB8-8B4A-11D0-8D11-00A0C91BC942}") = "PUTTYTEL", "PUTTYTEL\PUTTYTEL.vcxproj", "{4CBF7657-6FF5-7D75-32C9-3501F41ABEE4}"
EndProject
Global
	GlobalSection(SolutionConfigurationPlatforms) = preSolution
		Debug|Win32 = Debug|Win32
		Release|Win32 = Release|Win32
		Template|Win32 = Template|Win32
	EndGlobalSection
	GlobalSection(ProjectConfigurationPlatforms) = postSolution
		{380DBDB8-6BC6-9228-A966-FCC6611327A6}.Debug|Win32.ActiveCfg = Debug|Win32
		{380DBDB8-6BC6-9228-A966-FCC6611327A6}.Debug|Win32.Build.0 = Debug|Win32
		{380DBDB8-6BC6-9228-A966-FCC6611327A6}.Release|Win32.ActiveCfg = Release|Win32
		{380DBDB8-6BC6-9228-A966-FCC6611327A6}.Template|Win32.ActiveCfg = Release|Win32
		{380DBDB8-6BC6-9228-A966-FCC6611327A6}.Template|Win32.Build.0 = Release|Win32
		{49A32F8F-2E46-CA8E-71EE-64C04776410D}.Debug|Win32.ActiveCfg = Debug|Win32
		{49A32F8F-2E46-CA8E-71EE-64C04776410D}.Debug|Win32.Build.0 = Debug|Win32
		{49A32F8F-2E46-CA8E-71EE-64C04776410D}.Release|Win32.ActiveCfg = Release|Win32
		{49A32F8F-2E46-CA8E-71EE-64C04776410D}.Template|Win32.ActiveCfg = Template|Win32
		{49A32F8F-2E46-CA8E-71EE-64C04776410D}.Template|Win32.Build.0 = Template|Win32
		{CF6B165C-69E2-86EE-6CD9-1C4C212A9426}.Debug|Win32.ActiveCfg = Debug|Win32
		{CF6B165C-69E2-86EE-6CD9-1C4C212A9426}.Debug|Win32.Build.0 = Debug|Win32
		{CF6B165C-69E2-86EE-6CD9-1C4C212A9426}.Release|Win32.ActiveCfg = Release|Win32
		{CF6B165C-69E2-86EE-6CD9-1C4C212A9426}.Template|Win32.ActiveCfg = Template|Win32
		{CF6B165C-69E2-86EE-6CD9-1C4C212A9426}.Template|Win32.Build.0 = Template|Win32
		{13AD505B-C203-CB16-159A-6DF8B2B59EAF}.Debug|Win32.ActiveCfg = Debug|Win32
		{13AD505B-C203-CB16-159A-6DF8B2B59EAF}.Debug|Win32.Build.0 = Debug|Win32
		{13AD505B-C203-CB16-159A-6DF8B2B59EAF}.Release|Win32.ActiveCfg = Release|Win32
		{13AD505B-C203-CB16-159A-6DF8B2B59EAF}.Template|Win32.ActiveCfg = Template|Win32
		{13AD505B-C203-CB16-159A-6DF8B2B59EAF}.Template|Win32.Build.0 = Template|Win32
		{A7E7F50C-9842-651D-FA95-D16A3D2A0CDF}.Debug|Win32.ActiveCfg = Debug|Win32
		{A7E7F50C-9842-651D-FA95-D16A3D2A0CDF}.Debug|Win32.Build.0 = Debug|Win32
		{A7E7F50C-9842-651D-FA95-D16A3D2A0CDF}.Release|Win32.ActiveCfg = Release|Win32
		{A7E7F50C-9842-651D-FA95-D16A3D2A0CDF}.Release|Win32.Build.0 = Release|Win32
		{A7E7F50C-9842-651D-FA95-D16A3D2A0CDF}.Template|Win32.ActiveCfg = Template|Win32
		{A7E7F50C-9842-651D-FA95-D16A3D2A0CDF}.Template|Win32.Build.0 = Template|Win32
		{D71C1025-E45F-B042-C337-5716201A861D}.Debug|Win32.ActiveCfg = Debug|Win32
		{D71C1025-E45F-B042-C337-5716201A861D}.Debug|Win32.Build.0 = Debug|Win32
		{D71C1025-E45F-B042-C337-5716201A861D}.Release|Win32.ActiveCfg = Release|Win32
		{D71C1025-E45F-B042-C337-5716201A861D}.Template|Win32.ActiveCfg = Template|Win32
		{D71C1025-E45F-B042-C337-5716201A861D}.Template|Win32.Build.0 = Template|Win32
		{4CBF7657-6FF5-7D75-32C9-3501F41ABEE4}.Debug|Win32.ActiveCfg = Debug|Win32
		{4CBF7657-6FF5-7D75-32C9-3501F41ABEE4}.Debug|Win32.Build.0 = Debug|Win32
		{4CBF7657-6FF5-7D75-32C9-3501F41ABEE4}.Release|Win32.ActiveCfg = Release|Win32
		{4CBF7657-6FF5-7D75-32C9-3501F41ABEE4}.Template|Win32.ActiveCfg = Template|Win32
		{4CBF7657-6FF5-7D75-32C9-3501F41ABEE4}.Template|Win32.Build.0 = Template|Win32
	EndGlobalSection
	GlobalSection(SolutionProperties) = preSolution
		HideSolutionNode = FALSE
	EndGlobalSection
EndGlobal
