
Microsoft Visual Studio Solution File, Format Version 11.00
# Visual Studio 2010
Project("{8BC9CEB8-8B4A-11D0-8D11-00A0C91BC942}") = "PAGEANT", "PAGEANT\PAGEANT.vcxproj", "{E23F7C1F-687B-11F9-DBBA-9A5EA5377184}"
EndProject
Project("{8BC9CEB8-8B4A-11D0-8D11-00A0C91BC942}") = "PLINK", "PLINK\PLINK.vcxproj", "{4BC1063A-E8FA-2172-5E08-4ABE797DD6FA}"
EndProject
Project("{8BC9CEB8-8B4A-11D0-8D11-00A0C91BC942}") = "PSCP", "PSCP\PSCP.vcxproj", "{0C2A588D-070A-4CEC-126E-D9FC843DFB0F}"
EndProject
Project("{8BC9CEB8-8B4A-11D0-8D11-00A0C91BC942}") = "PSFTP", "PSFTP\PSFTP.vcxproj", "{F8DF6CC8-92C0-613E-4D4B-A86D2D594735}"
EndProject
Project("{8BC9CEB8-8B4A-11D0-8D11-00A0C91BC942}") = "PUTTY", "PUTTY\PUTTY.vcxproj", "{7FF4CF30-9D4E-CBCB-3031-E0483B008AC3}"
EndProject
Project("{8BC9CEB8-8B4A-11D0-8D11-00A0C91BC942}") = "PUTTYGEN", "PUTTYGEN\PUTTYGEN.vcxproj", "{00D400FE-50FB-D1EE-39C0-2E31ABD8AF0F}"
EndProject
Project("{8BC9CEB8-8B4A-11D0-8D11-00A0C91BC942}") = "PUTTYTEL", "PUTTYTEL\PUTTYTEL.vcxproj", "{0190C529-C721-B2B1-088B-0A86A97F5A0A}"
EndProject
Global
	GlobalSection(SolutionConfigurationPlatforms) = preSolution
		Debug|Win32 = Debug|Win32
		Release|Win32 = Release|Win32
		Template|Win32 = Template|Win32
	EndGlobalSection
	GlobalSection(ProjectConfigurationPlatforms) = postSolution
		{E23F7C1F-687B-11F9-DBBA-9A5EA5377184}.Debug|Win32.ActiveCfg = Debug|Win32
		{E23F7C1F-687B-11F9-DBBA-9A5EA5377184}.Debug|Win32.Build.0 = Debug|Win32
		{E23F7C1F-687B-11F9-DBBA-9A5EA5377184}.Release|Win32.ActiveCfg = Release|Win32
		{E23F7C1F-687B-11F9-DBBA-9A5EA5377184}.Template|Win32.ActiveCfg = Release|Win32
		{E23F7C1F-687B-11F9-DBBA-9A5EA5377184}.Template|Win32.Build.0 = Release|Win32
		{4BC1063A-E8FA-2172-5E08-4ABE797DD6FA}.Debug|Win32.ActiveCfg = Debug|Win32
		{4BC1063A-E8FA-2172-5E08-4ABE797DD6FA}.Debug|Win32.Build.0 = Debug|Win32
		{4BC1063A-E8FA-2172-5E08-4ABE797DD6FA}.Release|Win32.ActiveCfg = Release|Win32
		{4BC1063A-E8FA-2172-5E08-4ABE797DD6FA}.Template|Win32.ActiveCfg = Template|Win32
		{4BC1063A-E8FA-2172-5E08-4ABE797DD6FA}.Template|Win32.Build.0 = Template|Win32
		{0C2A588D-070A-4CEC-126E-D9FC843DFB0F}.Debug|Win32.ActiveCfg = Debug|Win32
		{0C2A588D-070A-4CEC-126E-D9FC843DFB0F}.Debug|Win32.Build.0 = Debug|Win32
		{0C2A588D-070A-4CEC-126E-D9FC843DFB0F}.Release|Win32.ActiveCfg = Release|Win32
		{0C2A588D-070A-4CEC-126E-D9FC843DFB0F}.Template|Win32.ActiveCfg = Template|Win32
		{0C2A588D-070A-4CEC-126E-D9FC843DFB0F}.Template|Win32.Build.0 = Template|Win32
		{F8DF6CC8-92C0-613E-4D4B-A86D2D594735}.Debug|Win32.ActiveCfg = Debug|Win32
		{F8DF6CC8-92C0-613E-4D4B-A86D2D594735}.Debug|Win32.Build.0 = Debug|Win32
		{F8DF6CC8-92C0-613E-4D4B-A86D2D594735}.Release|Win32.ActiveCfg = Release|Win32
		{F8DF6CC8-92C0-613E-4D4B-A86D2D594735}.Template|Win32.ActiveCfg = Template|Win32
		{F8DF6CC8-92C0-613E-4D4B-A86D2D594735}.Template|Win32.Build.0 = Template|Win32
		{7FF4CF30-9D4E-CBCB-3031-E0483B008AC3}.Debug|Win32.ActiveCfg = Debug|Win32
		{7FF4CF30-9D4E-CBCB-3031-E0483B008AC3}.Debug|Win32.Build.0 = Debug|Win32
		{7FF4CF30-9D4E-CBCB-3031-E0483B008AC3}.Release|Win32.ActiveCfg = Release|Win32
		{7FF4CF30-9D4E-CBCB-3031-E0483B008AC3}.Release|Win32.Build.0 = Release|Win32
		{7FF4CF30-9D4E-CBCB-3031-E0483B008AC3}.Template|Win32.ActiveCfg = Template|Win32
		{7FF4CF30-9D4E-CBCB-3031-E0483B008AC3}.Template|Win32.Build.0 = Template|Win32
		{00D400FE-50FB-D1EE-39C0-2E31ABD8AF0F}.Debug|Win32.ActiveCfg = Debug|Win32
		{00D400FE-50FB-D1EE-39C0-2E31ABD8AF0F}.Debug|Win32.Build.0 = Debug|Win32
		{00D400FE-50FB-D1EE-39C0-2E31ABD8AF0F}.Release|Win32.ActiveCfg = Release|Win32
		{00D400FE-50FB-D1EE-39C0-2E31ABD8AF0F}.Template|Win32.ActiveCfg = Template|Win32
		{00D400FE-50FB-D1EE-39C0-2E31ABD8AF0F}.Template|Win32.Build.0 = Template|Win32
		{0190C529-C721-B2B1-088B-0A86A97F5A0A}.Debug|Win32.ActiveCfg = Debug|Win32
		{0190C529-C721-B2B1-088B-0A86A97F5A0A}.Debug|Win32.Build.0 = Debug|Win32
		{0190C529-C721-B2B1-088B-0A86A97F5A0A}.Release|Win32.ActiveCfg = Release|Win32
		{0190C529-C721-B2B1-088B-0A86A97F5A0A}.Template|Win32.ActiveCfg = Template|Win32
		{0190C529-C721-B2B1-088B-0A86A97F5A0A}.Template|Win32.Build.0 = Template|Win32
	EndGlobalSection
	GlobalSection(SolutionProperties) = preSolution
		HideSolutionNode = FALSE
	EndGlobalSection
EndGlobal
