
Microsoft Visual Studio Solution File, Format Version 11.00
# Visual Studio 2010
Project("{8BC9CEB8-8B4A-11D0-8D11-00A0C91BC942}") = "PAGEANT", "PAGEANT\PAGEANT.vcxproj", "{B0B68B2A-E930-19AD-C8FB-870042FF633E}"
EndProject
Project("{8BC9CEB8-8B4A-11D0-8D11-00A0C91BC942}") = "PLINK", "PLINK\PLINK.vcxproj", "{68F8648B-347A-E5A8-1405-E8A828D51828}"
EndProject
Project("{8BC9CEB8-8B4A-11D0-8D11-00A0C91BC942}") = "PSCP", "PSCP\PSCP.vcxproj", "{C7FD65CA-B00C-D8BD-23B6-B8C2ED565FBC}"
EndProject
Project("{8BC9CEB8-8B4A-11D0-8D11-00A0C91BC942}") = "PSFTP", "PSFTP\PSFTP.vcxproj", "{EB5048F6-90B7-A812-C249-677384A53643}"
EndProject
Project("{8BC9CEB8-8B4A-11D0-8D11-00A0C91BC942}") = "PUTTY", "PUTTY\PUTTY.vcxproj", "{57552132-5CF6-33FC-E3A2-E4A22FE92E68}"
EndProject
Project("{8BC9CEB8-8B4A-11D0-8D11-00A0C91BC942}") = "PUTTYGEN", "PUTTYGEN\PUTTYGEN.vcxproj", "{A4A0A913-F84B-B40D-2404-51BCBD3BF45D}"
EndProject
Project("{8BC9CEB8-8B4A-11D0-8D11-00A0C91BC942}") = "PUTTYTEL", "PUTTYTEL\PUTTYTEL.vcxproj", "{0D3B3871-EE5A-376B-D7CC-3E9141A377F0}"
EndProject
Global
	GlobalSection(SolutionConfigurationPlatforms) = preSolution
		Debug|Win32 = Debug|Win32
		Release|Win32 = Release|Win32
		Template|Win32 = Template|Win32
	EndGlobalSection
	GlobalSection(ProjectConfigurationPlatforms) = postSolution
		{B0B68B2A-E930-19AD-C8FB-870042FF633E}.Debug|Win32.ActiveCfg = Debug|Win32
		{B0B68B2A-E930-19AD-C8FB-870042FF633E}.Debug|Win32.Build.0 = Debug|Win32
		{B0B68B2A-E930-19AD-C8FB-870042FF633E}.Release|Win32.ActiveCfg = Release|Win32
		{B0B68B2A-E930-19AD-C8FB-870042FF633E}.Template|Win32.ActiveCfg = Release|Win32
		{B0B68B2A-E930-19AD-C8FB-870042FF633E}.Template|Win32.Build.0 = Release|Win32
		{68F8648B-347A-E5A8-1405-E8A828D51828}.Debug|Win32.ActiveCfg = Debug|Win32
		{68F8648B-347A-E5A8-1405-E8A828D51828}.Debug|Win32.Build.0 = Debug|Win32
		{68F8648B-347A-E5A8-1405-E8A828D51828}.Release|Win32.ActiveCfg = Release|Win32
		{68F8648B-347A-E5A8-1405-E8A828D51828}.Template|Win32.ActiveCfg = Template|Win32
		{68F8648B-347A-E5A8-1405-E8A828D51828}.Template|Win32.Build.0 = Template|Win32
		{C7FD65CA-B00C-D8BD-23B6-B8C2ED565FBC}.Debug|Win32.ActiveCfg = Debug|Win32
		{C7FD65CA-B00C-D8BD-23B6-B8C2ED565FBC}.Debug|Win32.Build.0 = Debug|Win32
		{C7FD65CA-B00C-D8BD-23B6-B8C2ED565FBC}.Release|Win32.ActiveCfg = Release|Win32
		{C7FD65CA-B00C-D8BD-23B6-B8C2ED565FBC}.Template|Win32.ActiveCfg = Template|Win32
		{C7FD65CA-B00C-D8BD-23B6-B8C2ED565FBC}.Template|Win32.Build.0 = Template|Win32
		{EB5048F6-90B7-A812-C249-677384A53643}.Debug|Win32.ActiveCfg = Debug|Win32
		{EB5048F6-90B7-A812-C249-677384A53643}.Debug|Win32.Build.0 = Debug|Win32
		{EB5048F6-90B7-A812-C249-677384A53643}.Release|Win32.ActiveCfg = Release|Win32
		{EB5048F6-90B7-A812-C249-677384A53643}.Template|Win32.ActiveCfg = Template|Win32
		{EB5048F6-90B7-A812-C249-677384A53643}.Template|Win32.Build.0 = Template|Win32
		{57552132-5CF6-33FC-E3A2-E4A22FE92E68}.Debug|Win32.ActiveCfg = Debug|Win32
		{57552132-5CF6-33FC-E3A2-E4A22FE92E68}.Debug|Win32.Build.0 = Debug|Win32
		{57552132-5CF6-33FC-E3A2-E4A22FE92E68}.Release|Win32.ActiveCfg = Release|Win32
		{57552132-5CF6-33FC-E3A2-E4A22FE92E68}.Release|Win32.Build.0 = Release|Win32
		{57552132-5CF6-33FC-E3A2-E4A22FE92E68}.Template|Win32.ActiveCfg = Template|Win32
		{57552132-5CF6-33FC-E3A2-E4A22FE92E68}.Template|Win32.Build.0 = Template|Win32
		{A4A0A913-F84B-B40D-2404-51BCBD3BF45D}.Debug|Win32.ActiveCfg = Debug|Win32
		{A4A0A913-F84B-B40D-2404-51BCBD3BF45D}.Debug|Win32.Build.0 = Debug|Win32
		{A4A0A913-F84B-B40D-2404-51BCBD3BF45D}.Release|Win32.ActiveCfg = Release|Win32
		{A4A0A913-F84B-B40D-2404-51BCBD3BF45D}.Template|Win32.ActiveCfg = Template|Win32
		{A4A0A913-F84B-B40D-2404-51BCBD3BF45D}.Template|Win32.Build.0 = Template|Win32
		{0D3B3871-EE5A-376B-D7CC-3E9141A377F0}.Debug|Win32.ActiveCfg = Debug|Win32
		{0D3B3871-EE5A-376B-D7CC-3E9141A377F0}.Debug|Win32.Build.0 = Debug|Win32
		{0D3B3871-EE5A-376B-D7CC-3E9141A377F0}.Release|Win32.ActiveCfg = Release|Win32
		{0D3B3871-EE5A-376B-D7CC-3E9141A377F0}.Template|Win32.ActiveCfg = Template|Win32
		{0D3B3871-EE5A-376B-D7CC-3E9141A377F0}.Template|Win32.Build.0 = Template|Win32
	EndGlobalSection
	GlobalSection(SolutionProperties) = preSolution
		HideSolutionNode = FALSE
	EndGlobalSection
EndGlobal
