
Microsoft Visual Studio Solution File, Format Version 11.00
# Visual Studio 2010
Project("{8BC9CEB8-8B4A-11D0-8D11-00A0C91BC942}") = "PAGEANT", "PAGEANT\PAGEANT.vcxproj", "{63177190-33E9-3128-22FA-3DBAFA7EE037}"
EndProject
Project("{8BC9CEB8-8B4A-11D0-8D11-00A0C91BC942}") = "PLINK", "PLINK\PLINK.vcxproj", "{E25957FB-4B8C-B28F-0EFB-F4FAC37F4138}"
EndProject
Project("{8BC9CEB8-8B4A-11D0-8D11-00A0C91BC942}") = "PSCP", "PSCP\PSCP.vcxproj", "{99B514A6-E4F9-8474-2644-B03504809206}"
EndProject
Project("{8BC9CEB8-8B4A-11D0-8D11-00A0C91BC942}") = "PSFTP", "PSFTP\PSFTP.vcxproj", "{FDCF1B47-F3EC-EBB0-AAC8-3C76E90FF988}"
EndProject
Project("{8BC9CEB8-8B4A-11D0-8D11-00A0C91BC942}") = "PUTTY", "PUTTY\PUTTY.vcxproj", "{B17A131B-9725-41A3-7DC6-67EE8221D476}"
EndProject
Project("{8BC9CEB8-8B4A-11D0-8D11-00A0C91BC942}") = "PUTTYGEN", "PUTTYGEN\PUTTYGEN.vcxproj", "{01309452-218C-6369-66E9-5473C45615B9}"
EndProject
Project("{8BC9CEB8-8B4A-11D0-8D11-00A0C91BC942}") = "PUTTYTEL", "PUTTYTEL\PUTTYTEL.vcxproj", "{1808E481-2ADC-B221-D6DE-3AE482789270}"
EndProject
Global
	GlobalSection(SolutionConfigurationPlatforms) = preSolution
		Debug|Win32 = Debug|Win32
		Release|Win32 = Release|Win32
		Template|Win32 = Template|Win32
	EndGlobalSection
	GlobalSection(ProjectConfigurationPlatforms) = postSolution
		{63177190-33E9-3128-22FA-3DBAFA7EE037}.Debug|Win32.ActiveCfg = Debug|Win32
		{63177190-33E9-3128-22FA-3DBAFA7EE037}.Debug|Win32.Build.0 = Debug|Win32
		{63177190-33E9-3128-22FA-3DBAFA7EE037}.Release|Win32.ActiveCfg = Release|Win32
		{63177190-33E9-3128-22FA-3DBAFA7EE037}.Template|Win32.ActiveCfg = Release|Win32
		{63177190-33E9-3128-22FA-3DBAFA7EE037}.Template|Win32.Build.0 = Release|Win32
		{E25957FB-4B8C-B28F-0EFB-F4FAC37F4138}.Debug|Win32.ActiveCfg = Debug|Win32
		{E25957FB-4B8C-B28F-0EFB-F4FAC37F4138}.Debug|Win32.Build.0 = Debug|Win32
		{E25957FB-4B8C-B28F-0EFB-F4FAC37F4138}.Release|Win32.ActiveCfg = Release|Win32
		{E25957FB-4B8C-B28F-0EFB-F4FAC37F4138}.Template|Win32.ActiveCfg = Template|Win32
		{E25957FB-4B8C-B28F-0EFB-F4FAC37F4138}.Template|Win32.Build.0 = Template|Win32
		{99B514A6-E4F9-8474-2644-B03504809206}.Debug|Win32.ActiveCfg = Debug|Win32
		{99B514A6-E4F9-8474-2644-B03504809206}.Debug|Win32.Build.0 = Debug|Win32
		{99B514A6-E4F9-8474-2644-B03504809206}.Release|Win32.ActiveCfg = Release|Win32
		{99B514A6-E4F9-8474-2644-B03504809206}.Template|Win32.ActiveCfg = Template|Win32
		{99B514A6-E4F9-8474-2644-B03504809206}.Template|Win32.Build.0 = Template|Win32
		{FDCF1B47-F3EC-EBB0-AAC8-3C76E90FF988}.Debug|Win32.ActiveCfg = Debug|Win32
		{FDCF1B47-F3EC-EBB0-AAC8-3C76E90FF988}.Debug|Win32.Build.0 = Debug|Win32
		{FDCF1B47-F3EC-EBB0-AAC8-3C76E90FF988}.Release|Win32.ActiveCfg = Release|Win32
		{FDCF1B47-F3EC-EBB0-AAC8-3C76E90FF988}.Template|Win32.ActiveCfg = Template|Win32
		{FDCF1B47-F3EC-EBB0-AAC8-3C76E90FF988}.Template|Win32.Build.0 = Template|Win32
		{B17A131B-9725-41A3-7DC6-67EE8221D476}.Debug|Win32.ActiveCfg = Debug|Win32
		{B17A131B-9725-41A3-7DC6-67EE8221D476}.Debug|Win32.Build.0 = Debug|Win32
		{B17A131B-9725-41A3-7DC6-67EE8221D476}.Release|Win32.ActiveCfg = Release|Win32
		{B17A131B-9725-41A3-7DC6-67EE8221D476}.Release|Win32.Build.0 = Release|Win32
		{B17A131B-9725-41A3-7DC6-67EE8221D476}.Template|Win32.ActiveCfg = Template|Win32
		{B17A131B-9725-41A3-7DC6-67EE8221D476}.Template|Win32.Build.0 = Template|Win32
		{01309452-218C-6369-66E9-5473C45615B9}.Debug|Win32.ActiveCfg = Debug|Win32
		{01309452-218C-6369-66E9-5473C45615B9}.Debug|Win32.Build.0 = Debug|Win32
		{01309452-218C-6369-66E9-5473C45615B9}.Release|Win32.ActiveCfg = Release|Win32
		{01309452-218C-6369-66E9-5473C45615B9}.Template|Win32.ActiveCfg = Template|Win32
		{01309452-218C-6369-66E9-5473C45615B9}.Template|Win32.Build.0 = Template|Win32
		{1808E481-2ADC-B221-D6DE-3AE482789270}.Debug|Win32.ActiveCfg = Debug|Win32
		{1808E481-2ADC-B221-D6DE-3AE482789270}.Debug|Win32.Build.0 = Debug|Win32
		{1808E481-2ADC-B221-D6DE-3AE482789270}.Release|Win32.ActiveCfg = Release|Win32
		{1808E481-2ADC-B221-D6DE-3AE482789270}.Template|Win32.ActiveCfg = Template|Win32
		{1808E481-2ADC-B221-D6DE-3AE482789270}.Template|Win32.Build.0 = Template|Win32
	EndGlobalSection
	GlobalSection(SolutionProperties) = preSolution
		HideSolutionNode = FALSE
	EndGlobalSection
EndGlobal
